
Microsoft Visual Studio Solution File, Format Version 12.00
# Visual Studio 15
Project("{FAE04EC0-301F-11D3-BF4B-00C04F79EFBC}") = "testcrashsupport", "testcrashsupport\testcrashsupport.csproj", "{E4D294FD-2556-4B08-805F-B0EF444EFAA8}"
EndProject
Global
	GlobalSection(SolutionConfigurationPlatforms) = preSolution
		Debug|Any CPU = Debug|Any CPU
		Release|Any CPU = Release|Any CPU
	EndGlobalSection
	GlobalSection(ProjectConfigurationPlatforms) = postSolution
		{E4D294FD-2556-4B08-805F-B0EF444EFAA8}.Debug|Any CPU.ActiveCfg = Debug|Any CPU
		{E4D294FD-2556-4B08-805F-B0EF444EFAA8}.Debug|Any CPU.Build.0 = Debug|Any CPU
		{E4D294FD-2556-4B08-805F-B0EF444EFAA8}.Release|Any CPU.ActiveCfg = Release|Any CPU
		{E4D294FD-2556-4B08-805F-B0EF444EFAA8}.Release|Any CPU.Build.0 = Release|Any CPU
	EndGlobalSection
EndGlobal
